
Microsoft Visual Studio Solution File, Format Version 12.00
# Visual Studio Version 16
VisualStudioVersion = 16.0.31313.79
MinimumVisualStudioVersion = 10.0.40219.1
Project("{FAE04EC0-301F-11D3-BF4B-00C04F79EFBC}") = "RuntimeInstantiation", "RuntimeInstantiation\RuntimeInstantiation.csproj", "{37C63F38-2E08-4DE5-8D06-57D5A6727BAC}"
EndProject
Project("{FAE04EC0-301F-11D3-BF4B-00C04F79EFBC}") = "RuntimeInstantiationStd", "RuntimeInstantiationStd\RuntimeInstantiationStd.csproj", "{5DB76269-1540-49CE-A272-4E7FB54C6C18}"
EndProject
Global
	GlobalSection(SolutionConfigurationPlatforms) = preSolution
		Debug|Any CPU = Debug|Any CPU
		Release|Any CPU = Release|Any CPU
	EndGlobalSection
	GlobalSection(ProjectConfigurationPlatforms) = postSolution
		{37C63F38-2E08-4DE5-8D06-57D5A6727BAC}.Debug|Any CPU.ActiveCfg = Debug|Any CPU
		{37C63F38-2E08-4DE5-8D06-57D5A6727BAC}.Debug|Any CPU.Build.0 = Debug|Any CPU
		{37C63F38-2E08-4DE5-8D06-57D5A6727BAC}.Release|Any CPU.ActiveCfg = Release|Any CPU
		{37C63F38-2E08-4DE5-8D06-57D5A6727BAC}.Release|Any CPU.Build.0 = Release|Any CPU
		{5DB76269-1540-49CE-A272-4E7FB54C6C18}.Debug|Any CPU.ActiveCfg = Debug|Any CPU
		{5DB76269-1540-49CE-A272-4E7FB54C6C18}.Debug|Any CPU.Build.0 = Debug|Any CPU
		{5DB76269-1540-49CE-A272-4E7FB54C6C18}.Release|Any CPU.ActiveCfg = Release|Any CPU
		{5DB76269-1540-49CE-A272-4E7FB54C6C18}.Release|Any CPU.Build.0 = Release|Any CPU
	EndGlobalSection
	GlobalSection(SolutionProperties) = preSolution
		HideSolutionNode = FALSE
	EndGlobalSection
	GlobalSection(ExtensibilityGlobals) = postSolution
		SolutionGuid = {AFABF429-A775-43E3-AA98-BE67A3ECA268}
	EndGlobalSection
EndGlobal
